
Microsoft Visual Studio Solution File, Format Version 12.00
# Visual Studio Version 17
VisualStudioVersion = 17.0.31903.59
MinimumVisualStudioVersion = 10.0.40219.1
Project("{2150E333-8FDC-42A3-9474-1A3956D46DE8}") = "src", "src", "{827E0CD3-B72D-47B6-A68D-7590B98EB39B}"
EndProject
Project("{FAE04EC0-301F-11D3-BF4B-00C04F79EFBC}") = "uCondoHandsOn.API", "src\uCondoHandsOn.API\uCondoHandsOn.API.csproj", "{A9E56CE4-1A14-4293-A646-2E0A3EAC3195}"
EndProject
Project("{FAE04EC0-301F-11D3-BF4B-00C04F79EFBC}") = "uCondoHandsOn.Domain", "src\uCondoHandsOn.Domain\uCondoHandsOn.Domain.csproj", "{9AE00CB3-C7AF-43E4-BCC6-9C1C8A0BC7DF}"
EndProject
Project("{FAE04EC0-301F-11D3-BF4B-00C04F79EFBC}") = "uCondoHandsOn.Application", "src\uCondoHandsOn.Application\uCondoHandsOn.Application.csproj", "{AD3B3D3D-C27E-4F40-BC5E-2D37DEB768A0}"
EndProject
Project("{FAE04EC0-301F-11D3-BF4B-00C04F79EFBC}") = "uCondoHandsOn.Infrastructure", "src\uCondoHandsOn.Infrastructure\uCondoHandsOn.Infrastructure.csproj", "{E05C366F-0655-495A-85E1-C7052CCE8091}"
EndProject
Project("{2150E333-8FDC-42A3-9474-1A3956D46DE8}") = "tests", "tests", "{0AB3BF05-4346-4AA6-1389-037BE0695223}"
EndProject
Project("{FAE04EC0-301F-11D3-BF4B-00C04F79EFBC}") = "uCondoHandsOn.Tests", "tests\uCondoHandsOn.Tests\uCondoHandsOn.Tests.csproj", "{BFF27B15-0DB3-42AA-9629-3C16E918F258}"
EndProject
Global
	GlobalSection(SolutionConfigurationPlatforms) = preSolution
		Debug|Any CPU = Debug|Any CPU
		Debug|x64 = Debug|x64
		Debug|x86 = Debug|x86
		Release|Any CPU = Release|Any CPU
		Release|x64 = Release|x64
		Release|x86 = Release|x86
	EndGlobalSection
	GlobalSection(ProjectConfigurationPlatforms) = postSolution
		{A9E56CE4-1A14-4293-A646-2E0A3EAC3195}.Debug|Any CPU.ActiveCfg = Debug|Any CPU
		{A9E56CE4-1A14-4293-A646-2E0A3EAC3195}.Debug|Any CPU.Build.0 = Debug|Any CPU
		{A9E56CE4-1A14-4293-A646-2E0A3EAC3195}.Debug|x64.ActiveCfg = Debug|Any CPU
		{A9E56CE4-1A14-4293-A646-2E0A3EAC3195}.Debug|x64.Build.0 = Debug|Any CPU
		{A9E56CE4-1A14-4293-A646-2E0A3EAC3195}.Debug|x86.ActiveCfg = Debug|Any CPU
		{A9E56CE4-1A14-4293-A646-2E0A3EAC3195}.Debug|x86.Build.0 = Debug|Any CPU
		{A9E56CE4-1A14-4293-A646-2E0A3EAC3195}.Release|Any CPU.ActiveCfg = Release|Any CPU
		{A9E56CE4-1A14-4293-A646-2E0A3EAC3195}.Release|Any CPU.Build.0 = Release|Any CPU
		{A9E56CE4-1A14-4293-A646-2E0A3EAC3195}.Release|x64.ActiveCfg = Release|Any CPU
		{A9E56CE4-1A14-4293-A646-2E0A3EAC3195}.Release|x64.Build.0 = Release|Any CPU
		{A9E56CE4-1A14-4293-A646-2E0A3EAC3195}.Release|x86.ActiveCfg = Release|Any CPU
		{A9E56CE4-1A14-4293-A646-2E0A3EAC3195}.Release|x86.Build.0 = Release|Any CPU
		{9AE00CB3-C7AF-43E4-BCC6-9C1C8A0BC7DF}.Debug|Any CPU.ActiveCfg = Debug|Any CPU
		{9AE00CB3-C7AF-43E4-BCC6-9C1C8A0BC7DF}.Debug|Any CPU.Build.0 = Debug|Any CPU
		{9AE00CB3-C7AF-43E4-BCC6-9C1C8A0BC7DF}.Debug|x64.ActiveCfg = Debug|Any CPU
		{9AE00CB3-C7AF-43E4-BCC6-9C1C8A0BC7DF}.Debug|x64.Build.0 = Debug|Any CPU
		{9AE00CB3-C7AF-43E4-BCC6-9C1C8A0BC7DF}.Debug|x86.ActiveCfg = Debug|Any CPU
		{9AE00CB3-C7AF-43E4-BCC6-9C1C8A0BC7DF}.Debug|x86.Build.0 = Debug|Any CPU
		{9AE00CB3-C7AF-43E4-BCC6-9C1C8A0BC7DF}.Release|Any CPU.ActiveCfg = Release|Any CPU
		{9AE00CB3-C7AF-43E4-BCC6-9C1C8A0BC7DF}.Release|Any CPU.Build.0 = Release|Any CPU
		{9AE00CB3-C7AF-43E4-BCC6-9C1C8A0BC7DF}.Release|x64.ActiveCfg = Release|Any CPU
		{9AE00CB3-C7AF-43E4-BCC6-9C1C8A0BC7DF}.Release|x64.Build.0 = Release|Any CPU
		{9AE00CB3-C7AF-43E4-BCC6-9C1C8A0BC7DF}.Release|x86.ActiveCfg = Release|Any CPU
		{9AE00CB3-C7AF-43E4-BCC6-9C1C8A0BC7DF}.Release|x86.Build.0 = Release|Any CPU
		{AD3B3D3D-C27E-4F40-BC5E-2D37DEB768A0}.Debug|Any CPU.ActiveCfg = Debug|Any CPU
		{AD3B3D3D-C27E-4F40-BC5E-2D37DEB768A0}.Debug|Any CPU.Build.0 = Debug|Any CPU
		{AD3B3D3D-C27E-4F40-BC5E-2D37DEB768A0}.Debug|x64.ActiveCfg = Debug|Any CPU
		{AD3B3D3D-C27E-4F40-BC5E-2D37DEB768A0}.Debug|x64.Build.0 = Debug|Any CPU
		{AD3B3D3D-C27E-4F40-BC5E-2D37DEB768A0}.Debug|x86.ActiveCfg = Debug|Any CPU
		{AD3B3D3D-C27E-4F40-BC5E-2D37DEB768A0}.Debug|x86.Build.0 = Debug|Any CPU
		{AD3B3D3D-C27E-4F40-BC5E-2D37DEB768A0}.Release|Any CPU.ActiveCfg = Release|Any CPU
		{AD3B3D3D-C27E-4F40-BC5E-2D37DEB768A0}.Release|Any CPU.Build.0 = Release|Any CPU
		{AD3B3D3D-C27E-4F40-BC5E-2D37DEB768A0}.Release|x64.ActiveCfg = Release|Any CPU
		{AD3B3D3D-C27E-4F40-BC5E-2D37DEB768A0}.Release|x64.Build.0 = Release|Any CPU
		{AD3B3D3D-C27E-4F40-BC5E-2D37DEB768A0}.Release|x86.ActiveCfg = Release|Any CPU
		{AD3B3D3D-C27E-4F40-BC5E-2D37DEB768A0}.Release|x86.Build.0 = Release|Any CPU
		{E05C366F-0655-495A-85E1-C7052CCE8091}.Debug|Any CPU.ActiveCfg = Debug|Any CPU
		{E05C366F-0655-495A-85E1-C7052CCE8091}.Debug|Any CPU.Build.0 = Debug|Any CPU
		{E05C366F-0655-495A-85E1-C7052CCE8091}.Debug|x64.ActiveCfg = Debug|Any CPU
		{E05C366F-0655-495A-85E1-C7052CCE8091}.Debug|x64.Build.0 = Debug|Any CPU
		{E05C366F-0655-495A-85E1-C7052CCE8091}.Debug|x86.ActiveCfg = Debug|Any CPU
		{E05C366F-0655-495A-85E1-C7052CCE8091}.Debug|x86.Build.0 = Debug|Any CPU
		{E05C366F-0655-495A-85E1-C7052CCE8091}.Release|Any CPU.ActiveCfg = Release|Any CPU
		{E05C366F-0655-495A-85E1-C7052CCE8091}.Release|Any CPU.Build.0 = Release|Any CPU
		{E05C366F-0655-495A-85E1-C7052CCE8091}.Release|x64.ActiveCfg = Release|Any CPU
		{E05C366F-0655-495A-85E1-C7052CCE8091}.Release|x64.Build.0 = Release|Any CPU
		{E05C366F-0655-495A-85E1-C7052CCE8091}.Release|x86.ActiveCfg = Release|Any CPU
		{E05C366F-0655-495A-85E1-C7052CCE8091}.Release|x86.Build.0 = Release|Any CPU
		{BFF27B15-0DB3-42AA-9629-3C16E918F258}.Debug|Any CPU.ActiveCfg = Debug|Any CPU
		{BFF27B15-0DB3-42AA-9629-3C16E918F258}.Debug|Any CPU.Build.0 = Debug|Any CPU
		{BFF27B15-0DB3-42AA-9629-3C16E918F258}.Debug|x64.ActiveCfg = Debug|Any CPU
		{BFF27B15-0DB3-42AA-9629-3C16E918F258}.Debug|x64.Build.0 = Debug|Any CPU
		{BFF27B15-0DB3-42AA-9629-3C16E918F258}.Debug|x86.ActiveCfg = Debug|Any CPU
		{BFF27B15-0DB3-42AA-9629-3C16E918F258}.Debug|x86.Build.0 = Debug|Any CPU
		{BFF27B15-0DB3-42AA-9629-3C16E918F258}.Release|Any CPU.ActiveCfg = Release|Any CPU
		{BFF27B15-0DB3-42AA-9629-3C16E918F258}.Release|Any CPU.Build.0 = Release|Any CPU
		{BFF27B15-0DB3-42AA-9629-3C16E918F258}.Release|x64.ActiveCfg = Release|Any CPU
		{BFF27B15-0DB3-42AA-9629-3C16E918F258}.Release|x64.Build.0 = Release|Any CPU
		{BFF27B15-0DB3-42AA-9629-3C16E918F258}.Release|x86.ActiveCfg = Release|Any CPU
		{BFF27B15-0DB3-42AA-9629-3C16E918F258}.Release|x86.Build.0 = Release|Any CPU
	EndGlobalSection
	GlobalSection(SolutionProperties) = preSolution
		HideSolutionNode = FALSE
	EndGlobalSection
	GlobalSection(NestedProjects) = preSolution
		{A9E56CE4-1A14-4293-A646-2E0A3EAC3195} = {827E0CD3-B72D-47B6-A68D-7590B98EB39B}
		{9AE00CB3-C7AF-43E4-BCC6-9C1C8A0BC7DF} = {827E0CD3-B72D-47B6-A68D-7590B98EB39B}
		{AD3B3D3D-C27E-4F40-BC5E-2D37DEB768A0} = {827E0CD3-B72D-47B6-A68D-7590B98EB39B}
		{E05C366F-0655-495A-85E1-C7052CCE8091} = {827E0CD3-B72D-47B6-A68D-7590B98EB39B}
		{BFF27B15-0DB3-42AA-9629-3C16E918F258} = {0AB3BF05-4346-4AA6-1389-037BE0695223}
	EndGlobalSection
EndGlobal
